github.com/fsnotify/fsnotify v1.4.7 h1:IXs+QLmnXW2CcXuY+8Mzv/fWEsPGWxqefPtCP5CnV9I=
github.com/fsnotify/fsnotify v1.4.7/go.mod h1:jwhsz4b93w/PPRr/qN1Yymfu8t87LnFCMoQvtojpjFo=
github.com/golang/protobuf v1.2.0 h1:P3YflyNX/ehuJFLhxviNdFxQPkGK5cDcApsge1SqnvM=
github.com/golang/protobuf v1.2.0/go.mod h1:6lQm79b+lXiMfvg/cZm0SGofjICqVBUtrP5yJMmIC1U=
github.com/gorilla/websocket v1.4.1 h1:q7AeDBpnBk8AogcD4DSag/Ukw/KV+YhzLj2bP5HvKCM=
github.com/gorilla/websocket v1.4.1/go.mod h1:YR8l580nyteQvAITg2hZ9XVh4b55+EU/adAjf1fMHhE=
github.com/gorilla/websocket v1.4.2 h1:+/TMaTYc4QFitKJxsQ7Yye35DkWvkdLcvGKqM+x0Ufc=
github.com/gorilla/websocket v1.4.2/go.mod h1:YR8l580nyteQvAITg2hZ9XVh4b55+EU/adAjf1fMHhE=
github.com/hpcloud/tail v1.0.0 h1:nfCOvKYfkgYP8hkirhJocXT2+zOD8yUNjXaWfTlyFKI=
github.com/hpcloud/tail v1.0.0/go.mod h1:ab1qPbhIpdTxEkNHXyeSf5vhxWSCs/tWer42PpOxQnU=
github.com/jhunt/go-ansi v0.0.0-20181127194324-5fd839f108b6 h1:qAlBkfBj+4aW68SdlhlAiWx+hy7vmchlcAZQRAJFhFI=
github.com/jhunt/go-ansi v0.0.0-20181127194324-5fd839f108b6/go.mod h1:zx5sSmwzYAXhfPcRBU7SuiAwK+8vC/LTgAoHyJiclzI=
github.com/jhunt/go-cli v0.0.0-20180120230054-44398e595118 h1:pJkfnav319gBFbol0av+PamHMB2BZ/zocxt6V2dH6+M=
github.com/jhunt/go-cli v0.0.0-20180120230054-44398e595118/go.mod h1:4FMJrayGZOn7IjEvttdG3BYK1M9HuKvSNa04THRry0I=
github.com/jhunt/go-envirotron v0.0.0-20191007155228-c8f2a184ad0f h1:C2Z+D/WhnixDp/q8+MoyqUlhZIAJvFhWwsGOjJqBG2s=
github.com/jhunt/go-envirotron v0.0.0-20191007155228-c8f2a184ad0f/go.mod h1:QWmflKt1GHM1Vw7iSqF7CIlbcninGfyRjqjecXjchlU=
github.com/jhunt/go-log v0.0.0-20171024033145-ddc1e3b8ed30 h1:uWIN5FcXeUrXtbR3plzgVsuw4k8L5r+Smi36N2RJ9LQ=
github.com/jhunt/go-log v0.0.0-20171024033145-ddc1e3b8ed30/go.mod h1:z31eqIvUKnaxVg8+6/8AuJQVa7Fd5EzvOGJg1a88DPI=
github.com/jhunt/go-route v0.0.0-20200319165252-1d5292df7bf3 h1:kY06qkS3UlBOHpJ3zHngp3LTmT/5ewctFsHJzKqM/QA=
github.com/jhunt/go-route v0.0.0-20200319165252-1d5292df7bf3/go.mod h1:gzhIrL8pMIdzl2Bo6IUkzBnZU1U5XaQIBSKU67ClF0s=
github.com/jhunt/go-route v0.0.0-20200319165829-61c38b349862 h1:aNaaWb0h/zw9E/wzfnAfgc9fIbhJmHRCskSgA6KDO4U=
github.com/jhunt/go-route v0.0.0-20200319165829-61c38b349862/go.mod h1:gzhIrL8pMIdzl2Bo6IUkzBnZU1U5XaQIBSKU67ClF0s=
github.com/jhunt/go-route v0.0.0-20200319182906-563b6899a347 h1:rd5ayZwkxhuGM8SJcDyBLxIzeF2fy2en/wWN+H4/zBU=
github.com/jhunt/go-route v0.0.0-20200319182906-563b6899a347/go.mod h1:gzhIrL8pMIdzl2Bo6IUkzBnZU1U5XaQIBSKU67ClF0s=
github.com/jhunt/go-snapshot v0.0.0-20171017043618-9ad8f5ee37a2 h1:mGjsfupyBHFg4Gk01Oxw3OHqiBLnIGYbLbaYWRebmgc=
github.com/jhunt/go-snapshot v0.0.0-20171017043618-9ad8f5ee37a2/go.mod h1:oNu1YULLxQcu77xYyAN0Xb2YbEspiSwDSn9kPW2zRKU=
github.com/mattn/go-isatty v0.0.12 h1:wuysRhFDzyxgEmMf5xjvJ2M9dZoWAXNNr5LSBS7uHXY=
github.com/mattn/go-isatty v0.0.12/go.mod h1:cbi8OIDigv2wuxKPP5vlRcQ1OAZbq2CE4Kysco4FUpU=
github.com/onsi/ginkgo v1.6.0/go.mod h1:lLunBs/Ym6LB5Z9jYTR76FiuTmxDTDusOGeTQH+WWjE=
github.com/onsi/ginkgo v1.12.0 h1:Iw5WCbBcaAAd0fpRb1c9r5YCylv4XDoCSigm1zLevwU=
github.com/onsi/ginkgo v1.12.0/go.mod h1:oUhWkIvk5aDxtKvDDuw8gItl8pKl42LzjC9KZE0HfGg=
github.com/onsi/gomega v1.7.1/go.mod h1:XdKZgCCFLUoM/7CFJVPcG8C1xQ1AJ0vpAezJrB7JYyY=
github.com/onsi/gomega v1.9.0 h1:R1uwffexN6Pr340GtYRIdZmAiN4J+iw6WG4wog1DUXg=
github.com/onsi/gomega v1.9.0/go.mod h1:Ho0h+IUsWyvy1OpqCwxlQ/21gkhVunqlU8fDGcoTdcA=
golang.org/x/net v0.0.0-20180906233101-161cd47e91fd h1:nTDtHvHSdCn1m6ITfMRqtOd/9+7a3s8RBNOZ3eYZzJA=
golang.org/x/net v0.0.0-20180906233101-161cd47e91fd/go.mod h1:mL1N/T3taQHkDXs73rZJwtUhF3w3ftmwwsq0BUmARs4=
golang.org/x/sync v0.0.0-20180314180146-1d60e4601c6f h1:wMNYb4v58l5UBM7MYRLPG6ZhfOqbKu7X5eyFl8ZhKvA=
golang.org/x/sync v0.0.0-20180314180146-1d60e4601c6f/go.mod h1:RxMgew5VJxzue5/jJTE5uejpjVlOe/izrB70Jof72aM=
golang.org/x/sys v0.0.0-20180909124046-d0be0721c37e/go.mod h1:STP8DvDyc/dI5b8T5hshtkjS+E42TnysNCUPdjciGhY=
golang.org/x/sys v0.0.0-20191120155948-bd437916bb0e h1:N7DeIrjYszNmSW409R3frPPwglRwMkXSBzwVbkOjLLA=
golang.org/x/sys v0.0.0-20191120155948-bd437916bb0e/go.mod h1:h1NjWce9XRLGQEsW7wpKNCjG9DtNlClVuFLEZdDNbEs=
golang.org/x/sys v0.0.0-20200116001909-b77594299b42 h1:vEOn+mP2zCOVzKckCZy6YsCtDblrpj/w7B9nxGNELpg=
golang.org/x/sys v0.0.0-20200116001909-b77594299b42/go.mod h1:h1NjWce9XRLGQEsW7wpKNCjG9DtNlClVuFLEZdDNbEs=
golang.org/x/text v0.3.0 h1:g61tztE5qeGQ89tm6NTjjM9VPIm088od1l6aSorWRWg=
golang.org/x/text v0.3.0/go.mod h1:NqM8EUOU14njkJ3fqMW+pc6Ldnwhi/IjpwHt7yyuwOQ=
golang.org/x/xerrors v0.0.0-20190717185122-a985d3407aa7 h1:9zdDQZ7Thm29KFXgAX/+yaf3eVbP7djjWp/dXAppNCc=
golang.org/x/xerrors v0.0.0-20190717185122-a985d3407aa7/go.mod h1:I/5z698sn9Ka8TeJc9MKroUUfqBBauWjQqLJ2OPfmY0=
gopkg.in/check.v1 v0.0.0-20161208181325-20d25e280405 h1:yhCVgyC4o1eVCa2tZl7eS0r+SDo693bJlVdllGtEeKM=
gopkg.in/check.v1 v0.0.0-20161208181325-20d25e280405/go.mod h1:Co6ibVJAznAaIkqp8huTwlJQCZ016jof/cbN4VW5Yz0=
gopkg.in/fsnotify.v1 v1.4.7 h1:xOHLXZwVvI9hhs+cLKq5+I5onOuwQLhQwiu63xxlHs4=
gopkg.in/fsnotify.v1 v1.4.7/go.mod h1:Tz8NjZHkW78fSQdbUxIjBTcgA1z1m8ZHf0WmKUhAMys=
gopkg.in/tomb.v1 v1.0.0-20141024135613-dd632973f1e7 h1:uRGJdciOHaEIrze2W8Q3AKkepLTh2hOroT7a+7czfdQ=
gopkg.in/tomb.v1 v1.0.0-20141024135613-dd632973f1e7/go.mod h1:dt/ZhP58zS4L8KSrWDmTeBkI65Dw0HsyUHuEVlX15mw=
gopkg.in/yaml.v2 v2.2.4 h1:/eiJrUcujPVeJ3xlSWaiNi3uSVmDGBK1pDHUHAnao1I=
gopkg.in/yaml.v2 v2.2.4/go.mod h1:hI93XBmqTisBFMUTm0b8Fm+jr3Dg1NNxqwp+5A1VGuI=
